
Microsoft Visual Studio Solution File, Format Version 12.00
# Visual Studio Version 17
VisualStudioVersion = 17.7.34031.279
MinimumVisualStudioVersion = 10.0.40219.1
Project("{FAE04EC0-301F-11D3-BF4B-00C04F79EFBC}") = "Atividade1 ASP Net", "Atividade1 ASP Net.csproj", "{8A89725E-16D9-49AE-A392-EB430B02CF71}"
EndProject
Global
	GlobalSection(SolutionConfigurationPlatforms) = preSolution
		Debug|Any CPU = Debug|Any CPU
		Release|Any CPU = Release|Any CPU
	EndGlobalSection
	GlobalSection(ProjectConfigurationPlatforms) = postSolution
		{8A89725E-16D9-49AE-A392-EB430B02CF71}.Debug|Any CPU.ActiveCfg = Debug|Any CPU
		{8A89725E-16D9-49AE-A392-EB430B02CF71}.Debug|Any CPU.Build.0 = Debug|Any CPU
		{8A89725E-16D9-49AE-A392-EB430B02CF71}.Release|Any CPU.ActiveCfg = Release|Any CPU
		{8A89725E-16D9-49AE-A392-EB430B02CF71}.Release|Any CPU.Build.0 = Release|Any CPU
	EndGlobalSection
	GlobalSection(SolutionProperties) = preSolution
		HideSolutionNode = FALSE
	EndGlobalSection
	GlobalSection(ExtensibilityGlobals) = postSolution
		SolutionGuid = {7B1B7311-6F45-42C6-9177-6AFE55D7FC83}
	EndGlobalSection
EndGlobal
